
Microsoft Visual Studio Solution File, Format Version 12.00
# Visual Studio Version 16
VisualStudioVersion = 16.0.31729.503
MinimumVisualStudioVersion = 10.0.40219.1
Project("{9A19103F-16F7-4668-BE54-9A1E7A4F7556}") = "Fitness.BL", "Fitness.BL\Fitness.BL.csproj", "{35CBECE2-016C-41CD-A0E5-D3C51307C064}"
EndProject
Project("{9A19103F-16F7-4668-BE54-9A1E7A4F7556}") = "Fitness.CMD", "Fitness.CMD\Fitness.CMD.csproj", "{786954D9-9FC5-46B5-8BCC-3384F25ABAF8}"
EndProject
Project("{9A19103F-16F7-4668-BE54-9A1E7A4F7556}") = "Fitness.BLTests", "Fitness.BLTests\Fitness.BLTests.csproj", "{189FCEBB-870B-44D9-83E5-9F54A9DCE098}"
EndProject
Global
	GlobalSection(SolutionConfigurationPlatforms) = preSolution
		Debug|Any CPU = Debug|Any CPU
		Release|Any CPU = Release|Any CPU
	EndGlobalSection
	GlobalSection(ProjectConfigurationPlatforms) = postSolution
		{35CBECE2-016C-41CD-A0E5-D3C51307C064}.Debug|Any CPU.ActiveCfg = Debug|Any CPU
		{35CBECE2-016C-41CD-A0E5-D3C51307C064}.Debug|Any CPU.Build.0 = Debug|Any CPU
		{35CBECE2-016C-41CD-A0E5-D3C51307C064}.Release|Any CPU.ActiveCfg = Release|Any CPU
		{35CBECE2-016C-41CD-A0E5-D3C51307C064}.Release|Any CPU.Build.0 = Release|Any CPU
		{786954D9-9FC5-46B5-8BCC-3384F25ABAF8}.Debug|Any CPU.ActiveCfg = Debug|Any CPU
		{786954D9-9FC5-46B5-8BCC-3384F25ABAF8}.Debug|Any CPU.Build.0 = Debug|Any CPU
		{786954D9-9FC5-46B5-8BCC-3384F25ABAF8}.Release|Any CPU.ActiveCfg = Release|Any CPU
		{786954D9-9FC5-46B5-8BCC-3384F25ABAF8}.Release|Any CPU.Build.0 = Release|Any CPU
		{189FCEBB-870B-44D9-83E5-9F54A9DCE098}.Debug|Any CPU.ActiveCfg = Debug|Any CPU
		{189FCEBB-870B-44D9-83E5-9F54A9DCE098}.Debug|Any CPU.Build.0 = Debug|Any CPU
		{189FCEBB-870B-44D9-83E5-9F54A9DCE098}.Release|Any CPU.ActiveCfg = Release|Any CPU
		{189FCEBB-870B-44D9-83E5-9F54A9DCE098}.Release|Any CPU.Build.0 = Release|Any CPU
	EndGlobalSection
	GlobalSection(SolutionProperties) = preSolution
		HideSolutionNode = FALSE
	EndGlobalSection
	GlobalSection(ExtensibilityGlobals) = postSolution
		SolutionGuid = {815A821E-95C5-492E-BB4B-4B0D891527BB}
	EndGlobalSection
EndGlobal
